
Microsoft Visual Studio Solution File, Format Version 12.00
# Visual Studio 15
VisualStudioVersion = 15.0.28107.0
MinimumVisualStudioVersion = 10.0.40219.1
Project("{9A19103F-16F7-4668-BE54-9A1E7A4F7556}") = "Demo.AzureFunctions.App", "Demo.AzureFunctions.App\Demo.AzureFunctions.App.csproj", "{44475E1C-F6B8-4E01-9D30-190F7E59C503}"
EndProject
Project("{9A19103F-16F7-4668-BE54-9A1E7A4F7556}") = "Demo.AzureFunctions.Models", "Demo.AzureFunctions.Models\Demo.AzureFunctions.Models.csproj", "{61F1AF1A-99EF-4D3A-B8F9-807078D0E84B}"
EndProject
Project("{9A19103F-16F7-4668-BE54-9A1E7A4F7556}") = "Demo.AzureFunctions.App.Test", "Demo.AzureFunctions.App.Test\Demo.AzureFunctions.App.Test.csproj", "{3E946E53-798E-4131-A02B-817CC64AB522}"
EndProject
Global
	GlobalSection(SolutionConfigurationPlatforms) = preSolution
		Debug|Any CPU = Debug|Any CPU
		Release|Any CPU = Release|Any CPU
	EndGlobalSection
	GlobalSection(ProjectConfigurationPlatforms) = postSolution
		{44475E1C-F6B8-4E01-9D30-190F7E59C503}.Debug|Any CPU.ActiveCfg = Debug|Any CPU
		{44475E1C-F6B8-4E01-9D30-190F7E59C503}.Debug|Any CPU.Build.0 = Debug|Any CPU
		{44475E1C-F6B8-4E01-9D30-190F7E59C503}.Release|Any CPU.ActiveCfg = Release|Any CPU
		{44475E1C-F6B8-4E01-9D30-190F7E59C503}.Release|Any CPU.Build.0 = Release|Any CPU
		{61F1AF1A-99EF-4D3A-B8F9-807078D0E84B}.Debug|Any CPU.ActiveCfg = Debug|Any CPU
		{61F1AF1A-99EF-4D3A-B8F9-807078D0E84B}.Debug|Any CPU.Build.0 = Debug|Any CPU
		{61F1AF1A-99EF-4D3A-B8F9-807078D0E84B}.Release|Any CPU.ActiveCfg = Release|Any CPU
		{61F1AF1A-99EF-4D3A-B8F9-807078D0E84B}.Release|Any CPU.Build.0 = Release|Any CPU
		{3E946E53-798E-4131-A02B-817CC64AB522}.Debug|Any CPU.ActiveCfg = Debug|Any CPU
		{3E946E53-798E-4131-A02B-817CC64AB522}.Debug|Any CPU.Build.0 = Debug|Any CPU
		{3E946E53-798E-4131-A02B-817CC64AB522}.Release|Any CPU.ActiveCfg = Release|Any CPU
		{3E946E53-798E-4131-A02B-817CC64AB522}.Release|Any CPU.Build.0 = Release|Any CPU
	EndGlobalSection
	GlobalSection(SolutionProperties) = preSolution
		HideSolutionNode = FALSE
	EndGlobalSection
	GlobalSection(ExtensibilityGlobals) = postSolution
		SolutionGuid = {021C558C-98F7-4AD0-A63F-57A4CB230A92}
	EndGlobalSection
EndGlobal
